{
  "version": 4,
  "terraform_version": "1.14.3",
  "serial": 8,
  "lineage": "0eb55852-3bcb-fb27-c2a5-54351b4385a6",
  "outputs": {
    "host_ids": {
      "value": [
        "ucabh28-comp0235-ns/ucabh28-host-333a5dbf1f"
      ],
      "type": [
        "tuple",
        [
          "string"
        ]
      ]
    },
    "host_ips": {
      "value": [
        "10.134.12.209"
      ],
      "type": [
        "tuple",
        [
          "string"
        ]
      ]
    },
    "worker_ids": {
      "value": [
        "ucabh28-comp0235-ns/ucabh28-worker-01-333a5dbf1f",
        "ucabh28-comp0235-ns/ucabh28-worker-02-333a5dbf1f",
        "ucabh28-comp0235-ns/ucabh28-worker-03-333a5dbf1f",
        "ucabh28-comp0235-ns/ucabh28-worker-04-333a5dbf1f"
      ],
      "type": [
        "tuple",
        [
          "string",
          "string",
          "string",
          "string"
        ]
      ]
    },
    "worker_ips": {
      "value": [
        "10.134.12.212",
        "10.134.12.211",
        "10.134.12.210",
        "10.134.12.73"
      ],
      "type": [
        "tuple",
        [
          "string",
          "string",
          "string",
          "string"
        ]
      ]
    }
  },
  "resources": [
    {
      "mode": "data",
      "type": "harvester_image",
      "name": "img",
      "provider": "provider[\"registry.terraform.io/harvester/harvester\"]",
      "instances": [
        {
          "schema_version": 0,
          "attributes": {
            "description": "",
            "display_name": "AlmaLinux-9-GenericCloud-9.6-20250522",
            "id": "harvester-public/image-cmbbz",
            "message": "",
            "name": "image-cmbbz",
            "namespace": "harvester-public",
            "progress": 100,
            "pvc_name": "",
            "pvc_namespace": "",
            "size": 530776064,
            "source_type": "upload",
            "state": "Active",
            "storage_class_name": "harvester-longhorn",
            "storage_class_parameters": {
              "migratable": "true",
              "numberOfReplicas": "3",
              "staleReplicaTimeout": "30"
            },
            "tags": {},
            "url": "",
            "volume_storage_class_name": "longhorn-image-cmbbz"
          },
          "sensitive_attributes": [],
          "identity_schema_version": 0
        }
      ]
    },
    {
      "mode": "data",
      "type": "harvester_ssh_key",
      "name": "mysshkey",
      "provider": "provider[\"registry.terraform.io/harvester/harvester\"]",
      "instances": [
        {
          "schema_version": 0,
          "attributes": {
            "description": "Week 1",
            "fingerprint": "14:c8:bc:3a:54:46:c4:fc:97:32:ea:31:dc:12:ac:96",
            "id": "ucabh28-comp0235-ns/eva033032",
            "message": null,
            "name": "eva033032",
            "namespace": "ucabh28-comp0235-ns",
            "public_key": "ssh-ed25519 AAAAC3NzaC1lZDI1NTE5AAAAICD+qHvXvPuCmFEAS0gLXiy+M6ZGXJWSlhzM9wa2jQ+W eva033032@F340-13NB-3797",
            "state": "Validated",
            "tags": {}
          },
          "sensitive_attributes": [],
          "identity_schema_version": 0
        }
      ]
    },
    {
      "mode": "managed",
      "type": "harvester_cloudinit_secret",
      "name": "cloud-config",
      "provider": "provider[\"registry.terraform.io/harvester/harvester\"]",
      "instances": [
        {
          "schema_version": 0,
          "attributes": {
            "description": "",
            "id": "ucabh28-comp0235-ns/cloud-config-333a5dbf1f",
            "message": null,
            "name": "cloud-config-333a5dbf1f",
            "namespace": "ucabh28-comp0235-ns",
            "network_data": null,
            "network_data_base64": "",
            "state": null,
            "tags": null,
            "timeouts": null,
            "user_data": "#cloud-config\nbootcmd:\n  - [ dnf, config-manager, --set-enabled, crb ]\n  - [ dnf, install, -y, epel-release ]\n\nssh_authorized_keys:\n  - ssh-ed25519 AAAAC3NzaC1lZDI1NTE5AAAAICD+qHvXvPuCmFEAS0gLXiy+M6ZGXJWSlhzM9wa2jQ+W eva033032@F340-13NB-3797\n",
            "user_data_base64": ""
          },
          "sensitive_attributes": [],
          "identity_schema_version": 0,
          "private": "eyJlMmJmYjczMC1lY2FhLTExZTYtOGY4OC0zNDM2M2JjN2M0YzAiOnsiY3JlYXRlIjoxMjAwMDAwMDAwMDAsImRlZmF1bHQiOjEyMDAwMDAwMDAwMCwiZGVsZXRlIjoxMjAwMDAwMDAwMDAsInJlYWQiOjEyMDAwMDAwMDAwMCwidXBkYXRlIjoxMjAwMDAwMDAwMDB9fQ==",
          "dependencies": [
            "data.harvester_ssh_key.mysshkey",
            "random_id.secret"
          ]
        }
      ]
    },
    {
      "mode": "managed",
      "type": "harvester_virtualmachine",
      "name": "host",
      "provider": "provider[\"registry.terraform.io/harvester/harvester\"]",
      "instances": [
        {
          "index_key": 0,
          "schema_version": 0,
          "attributes": {
            "cloudinit": [
              {
                "network_data": "",
                "network_data_base64": "",
                "network_data_secret_name": "",
                "type": "noCloud",
                "user_data": "",
                "user_data_base64": "",
                "user_data_secret_name": "cloud-config-333a5dbf1f"
              }
            ],
            "cpu": 4,
            "description": "Base VM",
            "disk": [
              {
                "access_mode": "ReadWriteMany",
                "auto_delete": true,
                "boot_order": 1,
                "bus": "virtio",
                "container_image_name": "",
                "existing_volume_name": "",
                "hot_plug": false,
                "image": "harvester-public/image-cmbbz",
                "name": "rootdisk",
                "size": "10Gi",
                "storage_class_name": "longhorn-image-cmbbz",
                "type": "disk",
                "volume_mode": "Block",
                "volume_name": "ucabh28-host-333a5dbf1f-rootdisk-dhn5d"
              }
            ],
            "efi": true,
            "hostname": "ucabh28-host-333a5dbf1f",
            "id": "ucabh28-comp0235-ns/ucabh28-host-333a5dbf1f",
            "input": [],
            "machine_type": "q35",
            "memory": "8Gi",
            "message": null,
            "name": "ucabh28-host-333a5dbf1f",
            "namespace": "ucabh28-comp0235-ns",
            "network_interface": [
              {
                "interface_name": "eth0",
                "ip_address": "10.134.12.209",
                "mac_address": "",
                "model": "virtio",
                "name": "nic-1",
                "network_name": "ucabh28-comp0235-ns/ds4eng",
                "type": "bridge",
                "wait_for_lease": true
              }
            ],
            "node_name": "sl-p02-23",
            "reserved_memory": "100Mi",
            "restart_after_update": true,
            "run_strategy": "RerunOnFailure",
            "secure_boot": true,
            "ssh_keys": null,
            "start": null,
            "state": "Ready",
            "tags": null,
            "timeouts": {
              "create": "20m",
              "default": null,
              "delete": "20m",
              "read": null,
              "update": "20m"
            },
            "tpm": []
          },
          "sensitive_attributes": [],
          "identity_schema_version": 0,
          "private": "eyJlMmJmYjczMC1lY2FhLTExZTYtOGY4OC0zNDM2M2JjN2M0YzAiOnsiY3JlYXRlIjoxMjAwMDAwMDAwMDAwLCJkZWZhdWx0IjoxMjAwMDAwMDAwMDAsImRlbGV0ZSI6MTIwMDAwMDAwMDAwMCwicmVhZCI6MTIwMDAwMDAwMDAwLCJ1cGRhdGUiOjEyMDAwMDAwMDAwMDB9fQ==",
          "dependencies": [
            "data.harvester_image.img",
            "data.harvester_ssh_key.mysshkey",
            "harvester_cloudinit_secret.cloud-config",
            "random_id.secret"
          ]
        }
      ]
    },
    {
      "mode": "managed",
      "type": "harvester_virtualmachine",
      "name": "worker",
      "provider": "provider[\"registry.terraform.io/harvester/harvester\"]",
      "instances": [
        {
          "index_key": 0,
          "schema_version": 0,
          "attributes": {
            "cloudinit": [
              {
                "network_data": "",
                "network_data_base64": "",
                "network_data_secret_name": "",
                "type": "noCloud",
                "user_data": "",
                "user_data_base64": "",
                "user_data_secret_name": "cloud-config-333a5dbf1f"
              }
            ],
            "cpu": 4,
            "description": "Base VM",
            "disk": [
              {
                "access_mode": "ReadWriteMany",
                "auto_delete": true,
                "boot_order": 1,
                "bus": "virtio",
                "container_image_name": "",
                "existing_volume_name": "",
                "hot_plug": false,
                "image": "harvester-public/image-cmbbz",
                "name": "rootdisk",
                "size": "150Gi",
                "storage_class_name": "longhorn-image-cmbbz",
                "type": "disk",
                "volume_mode": "Block",
                "volume_name": "ucabh28-worker-01-333a5dbf1f-rootdisk-l6j77"
              }
            ],
            "efi": true,
            "hostname": "ucabh28-worker-01-333a5dbf1f",
            "id": "ucabh28-comp0235-ns/ucabh28-worker-01-333a5dbf1f",
            "input": [],
            "machine_type": "q35",
            "memory": "32Gi",
            "message": null,
            "name": "ucabh28-worker-01-333a5dbf1f",
            "namespace": "ucabh28-comp0235-ns",
            "network_interface": [
              {
                "interface_name": "eth0",
                "ip_address": "10.134.12.212",
                "mac_address": "",
                "model": "virtio",
                "name": "nic-1",
                "network_name": "ucabh28-comp0235-ns/ds4eng",
                "type": "bridge",
                "wait_for_lease": true
              }
            ],
            "node_name": "sl-p02-17",
            "reserved_memory": "100Mi",
            "restart_after_update": true,
            "run_strategy": "RerunOnFailure",
            "secure_boot": true,
            "ssh_keys": null,
            "start": null,
            "state": "Ready",
            "tags": null,
            "timeouts": {
              "create": "20m",
              "default": null,
              "delete": "20m",
              "read": null,
              "update": "20m"
            },
            "tpm": []
          },
          "sensitive_attributes": [],
          "identity_schema_version": 0,
          "private": "eyJlMmJmYjczMC1lY2FhLTExZTYtOGY4OC0zNDM2M2JjN2M0YzAiOnsiY3JlYXRlIjoxMjAwMDAwMDAwMDAwLCJkZWZhdWx0IjoxMjAwMDAwMDAwMDAsImRlbGV0ZSI6MTIwMDAwMDAwMDAwMCwicmVhZCI6MTIwMDAwMDAwMDAwLCJ1cGRhdGUiOjEyMDAwMDAwMDAwMDB9fQ==",
          "dependencies": [
            "data.harvester_image.img",
            "data.harvester_ssh_key.mysshkey",
            "harvester_cloudinit_secret.cloud-config",
            "random_id.secret"
          ]
        },
        {
          "index_key": 1,
          "schema_version": 0,
          "attributes": {
            "cloudinit": [
              {
                "network_data": "",
                "network_data_base64": "",
                "network_data_secret_name": "",
                "type": "noCloud",
                "user_data": "",
                "user_data_base64": "",
                "user_data_secret_name": "cloud-config-333a5dbf1f"
              }
            ],
            "cpu": 4,
            "description": "Base VM",
            "disk": [
              {
                "access_mode": "ReadWriteMany",
                "auto_delete": true,
                "boot_order": 1,
                "bus": "virtio",
                "container_image_name": "",
                "existing_volume_name": "",
                "hot_plug": false,
                "image": "harvester-public/image-cmbbz",
                "name": "rootdisk",
                "size": "150Gi",
                "storage_class_name": "longhorn-image-cmbbz",
                "type": "disk",
                "volume_mode": "Block",
                "volume_name": "ucabh28-worker-02-333a5dbf1f-rootdisk-m9rwt"
              }
            ],
            "efi": true,
            "hostname": "ucabh28-worker-02-333a5dbf1f",
            "id": "ucabh28-comp0235-ns/ucabh28-worker-02-333a5dbf1f",
            "input": [],
            "machine_type": "q35",
            "memory": "32Gi",
            "message": null,
            "name": "ucabh28-worker-02-333a5dbf1f",
            "namespace": "ucabh28-comp0235-ns",
            "network_interface": [
              {
                "interface_name": "eth0",
                "ip_address": "10.134.12.211",
                "mac_address": "",
                "model": "virtio",
                "name": "nic-1",
                "network_name": "ucabh28-comp0235-ns/ds4eng",
                "type": "bridge",
                "wait_for_lease": true
              }
            ],
            "node_name": "sl-p02-20",
            "reserved_memory": "100Mi",
            "restart_after_update": true,
            "run_strategy": "RerunOnFailure",
            "secure_boot": true,
            "ssh_keys": null,
            "start": null,
            "state": "Ready",
            "tags": null,
            "timeouts": {
              "create": "20m",
              "default": null,
              "delete": "20m",
              "read": null,
              "update": "20m"
            },
            "tpm": []
          },
          "sensitive_attributes": [],
          "identity_schema_version": 0,
          "private": "eyJlMmJmYjczMC1lY2FhLTExZTYtOGY4OC0zNDM2M2JjN2M0YzAiOnsiY3JlYXRlIjoxMjAwMDAwMDAwMDAwLCJkZWZhdWx0IjoxMjAwMDAwMDAwMDAsImRlbGV0ZSI6MTIwMDAwMDAwMDAwMCwicmVhZCI6MTIwMDAwMDAwMDAwLCJ1cGRhdGUiOjEyMDAwMDAwMDAwMDB9fQ==",
          "dependencies": [
            "data.harvester_image.img",
            "data.harvester_ssh_key.mysshkey",
            "harvester_cloudinit_secret.cloud-config",
            "random_id.secret"
          ]
        },
        {
          "index_key": 2,
          "schema_version": 0,
          "attributes": {
            "cloudinit": [
              {
                "network_data": "",
                "network_data_base64": "",
                "network_data_secret_name": "",
                "type": "noCloud",
                "user_data": "",
                "user_data_base64": "",
                "user_data_secret_name": "cloud-config-333a5dbf1f"
              }
            ],
            "cpu": 4,
            "description": "Base VM",
            "disk": [
              {
                "access_mode": "ReadWriteMany",
                "auto_delete": true,
                "boot_order": 1,
                "bus": "virtio",
                "container_image_name": "",
                "existing_volume_name": "",
                "hot_plug": false,
                "image": "harvester-public/image-cmbbz",
                "name": "rootdisk",
                "size": "150Gi",
                "storage_class_name": "longhorn-image-cmbbz",
                "type": "disk",
                "volume_mode": "Block",
                "volume_name": "ucabh28-worker-03-333a5dbf1f-rootdisk-xbgsk"
              }
            ],
            "efi": true,
            "hostname": "ucabh28-worker-03-333a5dbf1f",
            "id": "ucabh28-comp0235-ns/ucabh28-worker-03-333a5dbf1f",
            "input": [],
            "machine_type": "q35",
            "memory": "32Gi",
            "message": null,
            "name": "ucabh28-worker-03-333a5dbf1f",
            "namespace": "ucabh28-comp0235-ns",
            "network_interface": [
              {
                "interface_name": "eth0",
                "ip_address": "10.134.12.210",
                "mac_address": "",
                "model": "virtio",
                "name": "nic-1",
                "network_name": "ucabh28-comp0235-ns/ds4eng",
                "type": "bridge",
                "wait_for_lease": true
              }
            ],
            "node_name": "sl-p02-19",
            "reserved_memory": "100Mi",
            "restart_after_update": true,
            "run_strategy": "RerunOnFailure",
            "secure_boot": true,
            "ssh_keys": null,
            "start": null,
            "state": "Ready",
            "tags": null,
            "timeouts": {
              "create": "20m",
              "default": null,
              "delete": "20m",
              "read": null,
              "update": "20m"
            },
            "tpm": []
          },
          "sensitive_attributes": [],
          "identity_schema_version": 0,
          "private": "eyJlMmJmYjczMC1lY2FhLTExZTYtOGY4OC0zNDM2M2JjN2M0YzAiOnsiY3JlYXRlIjoxMjAwMDAwMDAwMDAwLCJkZWZhdWx0IjoxMjAwMDAwMDAwMDAsImRlbGV0ZSI6MTIwMDAwMDAwMDAwMCwicmVhZCI6MTIwMDAwMDAwMDAwLCJ1cGRhdGUiOjEyMDAwMDAwMDAwMDB9fQ==",
          "dependencies": [
            "data.harvester_image.img",
            "data.harvester_ssh_key.mysshkey",
            "harvester_cloudinit_secret.cloud-config",
            "random_id.secret"
          ]
        },
        {
          "index_key": 3,
          "schema_version": 0,
          "attributes": {
            "cloudinit": [
              {
                "network_data": "",
                "network_data_base64": "",
                "network_data_secret_name": "",
                "type": "noCloud",
                "user_data": "",
                "user_data_base64": "",
                "user_data_secret_name": "cloud-config-333a5dbf1f"
              }
            ],
            "cpu": 4,
            "description": "Base VM",
            "disk": [
              {
                "access_mode": "ReadWriteMany",
                "auto_delete": true,
                "boot_order": 1,
                "bus": "virtio",
                "container_image_name": "",
                "existing_volume_name": "",
                "hot_plug": false,
                "image": "harvester-public/image-cmbbz",
                "name": "rootdisk",
                "size": "150Gi",
                "storage_class_name": "longhorn-image-cmbbz",
                "type": "disk",
                "volume_mode": "Block",
                "volume_name": "ucabh28-worker-04-333a5dbf1f-rootdisk-vx2bw"
              }
            ],
            "efi": true,
            "hostname": "ucabh28-worker-04-333a5dbf1f",
            "id": "ucabh28-comp0235-ns/ucabh28-worker-04-333a5dbf1f",
            "input": [],
            "machine_type": "q35",
            "memory": "32Gi",
            "message": null,
            "name": "ucabh28-worker-04-333a5dbf1f",
            "namespace": "ucabh28-comp0235-ns",
            "network_interface": [
              {
                "interface_name": "eth0",
                "ip_address": "10.134.12.73",
                "mac_address": "",
                "model": "virtio",
                "name": "nic-1",
                "network_name": "ucabh28-comp0235-ns/ds4eng",
                "type": "bridge",
                "wait_for_lease": true
              }
            ],
            "node_name": "sl-p02-18",
            "reserved_memory": "100Mi",
            "restart_after_update": true,
            "run_strategy": "RerunOnFailure",
            "secure_boot": true,
            "ssh_keys": null,
            "start": null,
            "state": "Ready",
            "tags": null,
            "timeouts": {
              "create": "20m",
              "default": null,
              "delete": "20m",
              "read": null,
              "update": "20m"
            },
            "tpm": []
          },
          "sensitive_attributes": [],
          "identity_schema_version": 0,
          "private": "eyJlMmJmYjczMC1lY2FhLTExZTYtOGY4OC0zNDM2M2JjN2M0YzAiOnsiY3JlYXRlIjoxMjAwMDAwMDAwMDAwLCJkZWZhdWx0IjoxMjAwMDAwMDAwMDAsImRlbGV0ZSI6MTIwMDAwMDAwMDAwMCwicmVhZCI6MTIwMDAwMDAwMDAwLCJ1cGRhdGUiOjEyMDAwMDAwMDAwMDB9fQ==",
          "dependencies": [
            "data.harvester_image.img",
            "data.harvester_ssh_key.mysshkey",
            "harvester_cloudinit_secret.cloud-config",
            "random_id.secret"
          ]
        }
      ]
    },
    {
      "mode": "managed",
      "type": "random_id",
      "name": "secret",
      "provider": "provider[\"registry.terraform.io/hashicorp/random\"]",
      "instances": [
        {
          "schema_version": 0,
          "attributes": {
            "b64_std": "Mzpdvx8=",
            "b64_url": "Mzpdvx8",
            "byte_length": 5,
            "dec": "220022554399",
            "hex": "333a5dbf1f",
            "id": "Mzpdvx8",
            "keepers": null,
            "prefix": null
          },
          "sensitive_attributes": [],
          "identity_schema_version": 0
        }
      ]
    }
  ],
  "check_results": null
}
